
Microsoft Visual Studio Solution File, Format Version 12.00
# Visual Studio Version 17
VisualStudioVersion = 17.8.34330.188
MinimumVisualStudioVersion = 10.0.40219.1
Project("{9A19103F-16F7-4668-BE54-9A1E7A4F7556}") = "Web-scraper", "Web-scraper\Web-scraper.csproj", "{B23D36D4-F964-4AC5-8B0D-784F7F5394CA}"
EndProject
Project("{9A19103F-16F7-4668-BE54-9A1E7A4F7556}") = "selenium", "selenium\selenium.csproj", "{E08929CF-B8CA-49CC-B472-6E6594304090}"
EndProject
Project("{FAE04EC0-301F-11D3-BF4B-00C04F79EFBC}") = "WildParser", "WildParser\WildParser.csproj", "{4CAF62EB-AF4F-436B-9204-266E5951283C}"
EndProject
Global
	GlobalSection(SolutionConfigurationPlatforms) = preSolution
		Debug|Any CPU = Debug|Any CPU
		Release|Any CPU = Release|Any CPU
	EndGlobalSection
	GlobalSection(ProjectConfigurationPlatforms) = postSolution
		{B23D36D4-F964-4AC5-8B0D-784F7F5394CA}.Debug|Any CPU.ActiveCfg = Debug|Any CPU
		{B23D36D4-F964-4AC5-8B0D-784F7F5394CA}.Debug|Any CPU.Build.0 = Debug|Any CPU
		{B23D36D4-F964-4AC5-8B0D-784F7F5394CA}.Release|Any CPU.ActiveCfg = Release|Any CPU
		{B23D36D4-F964-4AC5-8B0D-784F7F5394CA}.Release|Any CPU.Build.0 = Release|Any CPU
		{E08929CF-B8CA-49CC-B472-6E6594304090}.Debug|Any CPU.ActiveCfg = Debug|Any CPU
		{E08929CF-B8CA-49CC-B472-6E6594304090}.Debug|Any CPU.Build.0 = Debug|Any CPU
		{E08929CF-B8CA-49CC-B472-6E6594304090}.Release|Any CPU.ActiveCfg = Release|Any CPU
		{E08929CF-B8CA-49CC-B472-6E6594304090}.Release|Any CPU.Build.0 = Release|Any CPU
		{4CAF62EB-AF4F-436B-9204-266E5951283C}.Debug|Any CPU.ActiveCfg = Debug|Any CPU
		{4CAF62EB-AF4F-436B-9204-266E5951283C}.Debug|Any CPU.Build.0 = Debug|Any CPU
		{4CAF62EB-AF4F-436B-9204-266E5951283C}.Release|Any CPU.ActiveCfg = Release|Any CPU
		{4CAF62EB-AF4F-436B-9204-266E5951283C}.Release|Any CPU.Build.0 = Release|Any CPU
	EndGlobalSection
	GlobalSection(SolutionProperties) = preSolution
		HideSolutionNode = FALSE
	EndGlobalSection
	GlobalSection(ExtensibilityGlobals) = postSolution
		SolutionGuid = {05740AE3-A0AF-423C-BE56-282A3A9F0F98}
	EndGlobalSection
EndGlobal
